
Microsoft Visual Studio Solution File, Format Version 12.00
# Visual Studio Version 16
VisualStudioVersion = 16.0.30804.86
MinimumVisualStudioVersion = 10.0.40219.1
Project("{FAE04EC0-301F-11D3-BF4B-00C04F79EFBC}") = "Compito", "Compito\Compito.csproj", "{8CEEC3F4-1444-4958-A177-7134EC3AEB75}"
EndProject
Global
	GlobalSection(SolutionConfigurationPlatforms) = preSolution
		Debug|Any CPU = Debug|Any CPU
		Release|Any CPU = Release|Any CPU
	EndGlobalSection
	GlobalSection(ProjectConfigurationPlatforms) = postSolution
		{8CEEC3F4-1444-4958-A177-7134EC3AEB75}.Debug|Any CPU.ActiveCfg = Debug|Any CPU
		{8CEEC3F4-1444-4958-A177-7134EC3AEB75}.Debug|Any CPU.Build.0 = Debug|Any CPU
		{8CEEC3F4-1444-4958-A177-7134EC3AEB75}.Release|Any CPU.ActiveCfg = Release|Any CPU
		{8CEEC3F4-1444-4958-A177-7134EC3AEB75}.Release|Any CPU.Build.0 = Release|Any CPU
	EndGlobalSection
	GlobalSection(SolutionProperties) = preSolution
		HideSolutionNode = FALSE
	EndGlobalSection
	GlobalSection(ExtensibilityGlobals) = postSolution
		SolutionGuid = {0E184740-3E31-48C7-A643-1B206B81088E}
	EndGlobalSection
EndGlobal
